
Microsoft Visual Studio Solution File, Format Version 12.00
# Visual Studio Version 16
VisualStudioVersion = 16.0.31624.102
MinimumVisualStudioVersion = 10.0.40219.1
Project("{8BC9CEB8-8B4A-11D0-8D11-00A0C91BC942}") = "markov", "markov.vcxproj", "{71AAC37B-9C6F-41F8-A253-CFFBA9668CB6}"
EndProject
Project("{8BC9CEB8-8B4A-11D0-8D11-00A0C91BC942}") = "testmarkov", "..\testmarkov\testmarkov.vcxproj", "{84CB5AE4-F908-4614-8822-429C17075222}"
EndProject
Global
	GlobalSection(SolutionConfigurationPlatforms) = preSolution
		Debug|x64 = Debug|x64
		Debug|x86 = Debug|x86
		Release|x64 = Release|x64
		Release|x86 = Release|x86
	EndGlobalSection
	GlobalSection(ProjectConfigurationPlatforms) = postSolution
		{71AAC37B-9C6F-41F8-A253-CFFBA9668CB6}.Debug|x64.ActiveCfg = Debug|x64
		{71AAC37B-9C6F-41F8-A253-CFFBA9668CB6}.Debug|x64.Build.0 = Debug|x64
		{71AAC37B-9C6F-41F8-A253-CFFBA9668CB6}.Debug|x86.ActiveCfg = Debug|Win32
		{71AAC37B-9C6F-41F8-A253-CFFBA9668CB6}.Debug|x86.Build.0 = Debug|Win32
		{71AAC37B-9C6F-41F8-A253-CFFBA9668CB6}.Release|x64.ActiveCfg = Release|x64
		{71AAC37B-9C6F-41F8-A253-CFFBA9668CB6}.Release|x64.Build.0 = Release|x64
		{71AAC37B-9C6F-41F8-A253-CFFBA9668CB6}.Release|x86.ActiveCfg = Release|Win32
		{71AAC37B-9C6F-41F8-A253-CFFBA9668CB6}.Release|x86.Build.0 = Release|Win32
		{84CB5AE4-F908-4614-8822-429C17075222}.Debug|x64.ActiveCfg = Debug|x64
		{84CB5AE4-F908-4614-8822-429C17075222}.Debug|x64.Build.0 = Debug|x64
		{84CB5AE4-F908-4614-8822-429C17075222}.Debug|x86.ActiveCfg = Debug|Win32
		{84CB5AE4-F908-4614-8822-429C17075222}.Debug|x86.Build.0 = Debug|Win32
		{84CB5AE4-F908-4614-8822-429C17075222}.Release|x64.ActiveCfg = Release|x64
		{84CB5AE4-F908-4614-8822-429C17075222}.Release|x64.Build.0 = Release|x64
		{84CB5AE4-F908-4614-8822-429C17075222}.Release|x86.ActiveCfg = Release|Win32
		{84CB5AE4-F908-4614-8822-429C17075222}.Release|x86.Build.0 = Release|Win32
	EndGlobalSection
	GlobalSection(SolutionProperties) = preSolution
		HideSolutionNode = FALSE
	EndGlobalSection
	GlobalSection(ExtensibilityGlobals) = postSolution
		SolutionGuid = {370D5740-FF7A-4EA2-BE53-D2A44311ED2B}
	EndGlobalSection
EndGlobal
